PODS:
  - Alamofire (4.5.0)
  - Kingfisher (3.10.2)

DEPENDENCIES:
  - Alamofire
  - Kingfisher

SPEC CHECKSUMS:
  Alamofire: f28cdffd29de33a7bfa022cbd63ae95a27fae140
  Kingfisher: 7297492bf8cec9b2e2dee3519f2219948580d98e

PODFILE CHECKSUM: e8766bba6cdd285d2ffcf411bc59c6a9cf032a1e

COCOAPODS: 1.2.1
