// !$*UTF8*$!
{
	archiveVersion = 1;
	classes = {
	};
	objectVersion = 46;
	objects = {

/* Begin PBXBuildFile section */
		2AD73A3C1F19C168009F2375 /* AppDelegate.swift in Sources */ = {isa = PBXBuildFile; fileRef = 2AD73A311F19C168009F2375 /* AppDelegate.swift */; };
		2AD73A3D1F19C168009F2375 /* Assets.xcassets in Resources */ = {isa = PBXBuildFile; fileRef = 2AD73A321F19C168009F2375 /* Assets.xcassets */; };
		2AD73A3F1F19C168009F2375 /* CellTableViewCell.swift in Sources */ = {isa = PBXBuildFile; fileRef = 2AD73A341F19C168009F2375 /* CellTableViewCell.swift */; };
		2AD73A401F19C168009F2375 /* Info.plist in Resources */ = {isa = PBXBuildFile; fileRef = 2AD73A351F19C168009F2375 /* Info.plist */; };
		2AD73A411F19C168009F2375 /* LaunchScreen.storyboard in Resources */ = {isa = PBXBuildFile; fileRef = 2AD73A361F19C168009F2375 /* LaunchScreen.storyboard */; };
		2AD73A421F19C168009F2375 /* Main.storyboard in Resources */ = {isa = PBXBuildFile; fileRef = 2AD73A371F19C168009F2375 /* Main.storyboard */; };
		2AD73A431F19C168009F2375 /* SubViewController.swift in Sources */ = {isa = PBXBuildFile; fileRef = 2AD73A381F19C168009F2375 /* SubViewController.swift */; };
		2AD73A441F19C168009F2375 /* TableViewTest.xcdatamodeld in Sources */ = {isa = PBXBuildFile; fileRef = 2AD73A391F19C168009F2375 /* TableViewTest.xcdatamodeld */; };
		2AD73A451F19C168009F2375 /* ViewController.swift in Sources */ = {isa = PBXBuildFile; fileRef = 2AD73A3B1F19C168009F2375 /* ViewController.swift */; };
		2AD73A481F19C21D009F2375 /* Person.swift in Sources */ = {isa = PBXBuildFile; fileRef = 2AD73A471F19C21D009F2375 /* Person.swift */; };
		2AD73A4A1F19F48F009F2375 /* MapViewController.swift in Sources */ = {isa = PBXBuildFile; fileRef = 2AD73A491F19F48F009F2375 /* MapViewController.swift */; };
		2AD73A4C1F19F4E6009F2375 /* MapKit.framework in Frameworks */ = {isa = PBXBuildFile; fileRef = 2AD73A4B1F19F4E6009F2375 /* MapKit.framework */; };
		2AD73A4E1F19F5CE009F2375 /* CoreLocation.framework in Frameworks */ = {isa = PBXBuildFile; fileRef = 2AD73A4D1F19F5CE009F2375 /* CoreLocation.framework */; };
		2AE779051F18854000870758 /* TableViewTestTests.swift in Sources */ = {isa = PBXBuildFile; fileRef = 2AE779041F18854000870758 /* TableViewTestTests.swift */; };
		2AE779101F18854000870758 /* TableViewTestUITests.swift in Sources */ = {isa = PBXBuildFile; fileRef = 2AE7790F1F18854000870758 /* TableViewTestUITests.swift */; };
		2B87216E3063B420C941EFE8 /* Pods_TableViewTest.framework in Frameworks */ = {isa = PBXBuildFile; fileRef = 8D291C5B99A3FA081CCE032E /* Pods_TableViewTest.framework */; };
		2CD70E2E2CDA1FF18B777522 /* Pods_TableViewTestTests.framework in Frameworks */ = {isa = PBXBuildFile; fileRef = 31FE9CFCA9E7D81F013D6329 /* Pods_TableViewTestTests.framework */; };
		C7B2A26AEFB93D7DF95EB4AE /* Pods_TableViewTestUITests.framework in Frameworks */ = {isa = PBXBuildFile; fileRef = 0C307E639737603CBF80886A /* Pods_TableViewTestUITests.framework */; };
/* End PBXBuildFile section */

/* Begin PBXContainerItemProxy section */
		2AE779011F18854000870758 /* PBXContainerItemProxy */ = {
			isa = PBXContainerItemProxy;
			containerPortal = 2AE778E11F18854000870758 /* Project object */;
			proxyType = 1;
			remoteGlobalIDString = 2AE778E81F18854000870758;
			remoteInfo = TableViewTest;
		};
		2AE7790C1F18854000870758 /* PBXContainerItemProxy */ = {
			isa = PBXContainerItemProxy;
			containerPortal = 2AE778E11F18854000870758 /* Project object */;
			proxyType = 1;
			remoteGlobalIDString = 2AE778E81F18854000870758;
			remoteInfo = TableViewTest;
		};
/* End PBXContainerItemProxy section */

/* Begin PBXFileReference section */
		0C307E639737603CBF80886A /* Pods_TableViewTestUITests.framework */ = {isa = PBXFileReference; explicitFileType = wrapper.framework; includeInIndex = 0; path = Pods_TableViewTestUITests.framework; sourceTree = BUILT_PRODUCTS_DIR; };
		2AD73A311F19C168009F2375 /* AppDelegate.swift */ = {isa = PBXFileReference; fileEncoding = 4; lastKnownFileType = sourcecode.swift; name = AppDelegate.swift; path = TableViewTest/AppDelegate.swift; sourceTree = "<group>"; };
		2AD73A321F19C168009F2375 /* Assets.xcassets */ = {isa = PBXFileReference; lastKnownFileType = folder.assetcatalog; name = Assets.xcassets; path = TableViewTest/Assets.xcassets; sourceTree = "<group>"; };
		2AD73A341F19C168009F2375 /* CellTableViewCell.swift */ = {isa = PBXFileReference; fileEncoding = 4; lastKnownFileType = sourcecode.swift; name = CellTableViewCell.swift; path = TableViewTest/CellTableViewCell.swift; sourceTree = "<group>"; };
		2AD73A351F19C168009F2375 /* Info.plist */ = {isa = PBXFileReference; fileEncoding = 4; lastKnownFileType = text.plist.xml; name = Info.plist; path = TableViewTest/Info.plist; sourceTree = "<group>"; };
		2AD73A361F19C168009F2375 /* LaunchScreen.storyboard */ = {isa = PBXFileReference; fileEncoding = 4; lastKnownFileType = file.storyboard; name = LaunchScreen.storyboard; path = TableViewTest/LaunchScreen.storyboard; sourceTree = "<group>"; };
		2AD73A371F19C168009F2375 /* Main.storyboard */ = {isa = PBXFileReference; fileEncoding = 4; lastKnownFileType = file.storyboard; name = Main.storyboard; path = TableViewTest/Main.storyboard; sourceTree = "<group>"; };
		2AD73A381F19C168009F2375 /* SubViewController.swift */ = {isa = PBXFileReference; fileEncoding = 4; lastKnownFileType = sourcecode.swift; name = SubViewController.swift; path = TableViewTest/SubViewController.swift; sourceTree = "<group>"; };
		2AD73A3A1F19C168009F2375 /* TableViewTest.xcdatamodel */ = {isa = PBXFileReference; lastKnownFileType = wrapper.xcdatamodel; path = TableViewTest.xcdatamodel; sourceTree = "<group>"; };
		2AD73A3B1F19C168009F2375 /* ViewController.swift */ = {isa = PBXFileReference; fileEncoding = 4; lastKnownFileType = sourcecode.swift; name = ViewController.swift; path = TableViewTest/ViewController.swift; sourceTree = "<group>"; };
		2AD73A471F19C21D009F2375 /* Person.swift */ = {isa = PBXFileReference; fileEncoding = 4; lastKnownFileType = sourcecode.swift; path = Person.swift; sourceTree = "<group>"; };
		2AD73A491F19F48F009F2375 /* MapViewController.swift */ = {isa = PBXFileReference; fileEncoding = 4; lastKnownFileType = sourcecode.swift; path = MapViewController.swift; sourceTree = "<group>"; };
		2AD73A4B1F19F4E6009F2375 /* MapKit.framework */ = {isa = PBXFileReference; lastKnownFileType = wrapper.framework; name = MapKit.framework; path = System/Library/Frameworks/MapKit.framework; sourceTree = SDKROOT; };
		2AD73A4D1F19F5CE009F2375 /* CoreLocation.framework */ = {isa = PBXFileReference; lastKnownFileType = wrapper.framework; name = CoreLocation.framework; path = System/Library/Frameworks/CoreLocation.framework; sourceTree = SDKROOT; };
		2AE778E91F18854000870758 /* TableViewTest.app */ = {isa = PBXFileReference; explicitFileType = wrapper.application; includeInIndex = 0; path = TableViewTest.app; sourceTree = BUILT_PRODUCTS_DIR; };
		2AE779001F18854000870758 /* TableViewTestTests.xctest */ = {isa = PBXFileReference; explicitFileType = wrapper.cfbundle; includeInIndex = 0; path = TableViewTestTests.xctest; sourceTree = BUILT_PRODUCTS_DIR; };
		2AE779041F18854000870758 /* TableViewTestTests.swift */ = {isa = PBXFileReference; lastKnownFileType = sourcecode.swift; path = TableViewTestTests.swift; sourceTree = "<group>"; };
		2AE779061F18854000870758 /* Info.plist */ = {isa = PBXFileReference; lastKnownFileType = text.plist.xml; path = Info.plist; sourceTree = "<group>"; };
		2AE7790B1F18854000870758 /* TableViewTestUITests.xctest */ = {isa = PBXFileReference; explicitFileType = wrapper.cfbundle; includeInIndex = 0; path = TableViewTestUITests.xctest; sourceTree = BUILT_PRODUCTS_DIR; };
		2AE7790F1F18854000870758 /* TableViewTestUITests.swift */ = {isa = PBXFileReference; lastKnownFileType = sourcecode.swift; path = TableViewTestUITests.swift; sourceTree = "<group>"; };
		2AE779111F18854000870758 /* Info.plist */ = {isa = PBXFileReference; lastKnownFileType = text.plist.xml; path = Info.plist; sourceTree = "<group>"; };
		31FE9CFCA9E7D81F013D6329 /* Pods_TableViewTestTests.framework */ = {isa = PBXFileReference; explicitFileType = wrapper.framework; includeInIndex = 0; path = Pods_TableViewTestTests.framework; sourceTree = BUILT_PRODUCTS_DIR; };
		51A4D98516F5C67921BB57F6 /* Pods-TableViewTestTests.release.xcconfig */ = {isa = PBXFileReference; includeInIndex = 1; lastKnownFileType = text.xcconfig; name = "Pods-TableViewTestTests.release.xcconfig"; path = "Pods/Target Support Files/Pods-TableViewTestTests/Pods-TableViewTestTests.release.xcconfig"; sourceTree = "<group>"; };
		53802BBDFD322E368F9BA707 /* Pods-TableViewTestTests.debug.xcconfig */ = {isa = PBXFileReference; includeInIndex = 1; lastKnownFileType = text.xcconfig; name = "Pods-TableViewTestTests.debug.xcconfig"; path = "Pods/Target Support Files/Pods-TableViewTestTests/Pods-TableViewTestTests.debug.xcconfig"; sourceTree = "<group>"; };
		6CD5C751E133541DCC7F00EE /* Pods-TableViewTest.release.xcconfig */ = {isa = PBXFileReference; includeInIndex = 1; lastKnownFileType = text.xcconfig; name = "Pods-TableViewTest.release.xcconfig"; path = "Pods/Target Support Files/Pods-TableViewTest/Pods-TableViewTest.release.xcconfig"; sourceTree = "<group>"; };
		8D291C5B99A3FA081CCE032E /* Pods_TableViewTest.framework */ = {isa = PBXFileReference; explicitFileType = wrapper.framework; includeInIndex = 0; path = Pods_TableViewTest.framework; sourceTree = BUILT_PRODUCTS_DIR; };
		98F9845EA0906008CFB55CE6 /* Pods-TableViewTestUITests.release.xcconfig */ = {isa = PBXFileReference; includeInIndex = 1; lastKnownFileType = text.xcconfig; name = "Pods-TableViewTestUITests.release.xcconfig"; path = "Pods/Target Support Files/Pods-TableViewTestUITests/Pods-TableViewTestUITests.release.xcconfig"; sourceTree = "<group>"; };
		A5FFD7153E4B7AC6C434687B /* Pods-TableViewTestUITests.debug.xcconfig */ = {isa = PBXFileReference; includeInIndex = 1; lastKnownFileType = text.xcconfig; name = "Pods-TableViewTestUITests.debug.xcconfig"; path = "Pods/Target Support Files/Pods-TableViewTestUITests/Pods-TableViewTestUITests.debug.xcconfig"; sourceTree = "<group>"; };
		B14B19D12A2592762E104880 /* Pods-TableViewTest.debug.xcconfig */ = {isa = PBXFileReference; includeInIndex = 1; lastKnownFileType = text.xcconfig; name = "Pods-TableViewTest.debug.xcconfig"; path = "Pods/Target Support Files/Pods-TableViewTest/Pods-TableViewTest.debug.xcconfig"; sourceTree = "<group>"; };
/* End PBXFileReference section */

/* Begin PBXFrameworksBuildPhase section */
		2AE778E61F18854000870758 /* Frameworks */ = {
			isa = PBXFrameworksBuildPhase;
			buildActionMask = 2147483647;
			files = (
				2AD73A4E1F19F5CE009F2375 /* CoreLocation.framework in Frameworks */,
				2AD73A4C1F19F4E6009F2375 /* MapKit.framework in Frameworks */,
				2B87216E3063B420C941EFE8 /* Pods_TableViewTest.framework in Frameworks */,
			);
			runOnlyForDeploymentPostprocessing = 0;
		};
		2AE778FD1F18854000870758 /* Frameworks */ = {
			isa = PBXFrameworksBuildPhase;
			buildActionMask = 2147483647;
			files = (
				2CD70E2E2CDA1FF18B777522 /* Pods_TableViewTestTests.framework in Frameworks */,
			);
			runOnlyForDeploymentPostprocessing = 0;
		};
		2AE779081F18854000870758 /* Frameworks */ = {
			isa = PBXFrameworksBuildPhase;
			buildActionMask = 2147483647;
			files = (
				C7B2A26AEFB93D7DF95EB4AE /* Pods_TableViewTestUITests.framework in Frameworks */,
			);
			runOnlyForDeploymentPostprocessing = 0;
		};
/* End PBXFrameworksBuildPhase section */

/* Begin PBXGroup section */
		2AD73A2F1F19C11A009F2375 /* TableViewTest */ = {
			isa = PBXGroup;
			children = (
				2AD73A461F19C1D8009F2375 /* Model */,
				2AD73A311F19C168009F2375 /* AppDelegate.swift */,
				2AD73A341F19C168009F2375 /* CellTableViewCell.swift */,
				2AD73A3B1F19C168009F2375 /* ViewController.swift */,
				2AD73A381F19C168009F2375 /* SubViewController.swift */,
				2AD73A491F19F48F009F2375 /* MapViewController.swift */,
				2AD73A371F19C168009F2375 /* Main.storyboard */,
				2AD73A321F19C168009F2375 /* Assets.xcassets */,
				2AD73A361F19C168009F2375 /* LaunchScreen.storyboard */,
				2AD73A351F19C168009F2375 /* Info.plist */,
				2AD73A391F19C168009F2375 /* TableViewTest.xcdatamodeld */,
			);
			name = TableViewTest;
			sourceTree = "<group>";
		};
		2AD73A461F19C1D8009F2375 /* Model */ = {
			isa = PBXGroup;
			children = (
				2AD73A471F19C21D009F2375 /* Person.swift */,
			);
			name = Model;
			sourceTree = "<group>";
		};
		2AE778E01F18854000870758 = {
			isa = PBXGroup;
			children = (
				2AD73A2F1F19C11A009F2375 /* TableViewTest */,
				2AE779031F18854000870758 /* TableViewTestTests */,
				2AE7790E1F18854000870758 /* TableViewTestUITests */,
				2AE778EA1F18854000870758 /* Products */,
				9A7CD3BBE8B413059A65CBA6 /* Pods */,
				5F5BD594F08B14B6295A8BBF /* Frameworks */,
			);
			sourceTree = "<group>";
		};
		2AE778EA1F18854000870758 /* Products */ = {
			isa = PBXGroup;
			children = (
				2AE778E91F18854000870758 /* TableViewTest.app */,
				2AE779001F18854000870758 /* TableViewTestTests.xctest */,
				2AE7790B1F18854000870758 /* TableViewTestUITests.xctest */,
			);
			name = Products;
			sourceTree = "<group>";
		};
		2AE779031F18854000870758 /* TableViewTestTests */ = {
			isa = PBXGroup;
			children = (
				2AE779041F18854000870758 /* TableViewTestTests.swift */,
				2AE779061F18854000870758 /* Info.plist */,
			);
			path = TableViewTestTests;
			sourceTree = "<group>";
		};
		2AE7790E1F18854000870758 /* TableViewTestUITests */ = {
			isa = PBXGroup;
			children = (
				2AE7790F1F18854000870758 /* TableViewTestUITests.swift */,
				2AE779111F18854000870758 /* Info.plist */,
			);
			path = TableViewTestUITests;
			sourceTree = "<group>";
		};
		5F5BD594F08B14B6295A8BBF /* Frameworks */ = {
			isa = PBXGroup;
			children = (
				2AD73A4D1F19F5CE009F2375 /* CoreLocation.framework */,
				2AD73A4B1F19F4E6009F2375 /* MapKit.framework */,
				8D291C5B99A3FA081CCE032E /* Pods_TableViewTest.framework */,
				31FE9CFCA9E7D81F013D6329 /* Pods_TableViewTestTests.framework */,
				0C307E639737603CBF80886A /* Pods_TableViewTestUITests.framework */,
			);
			name = Frameworks;
			sourceTree = "<group>";
		};
		9A7CD3BBE8B413059A65CBA6 /* Pods */ = {
			isa = PBXGroup;
			children = (
				B14B19D12A2592762E104880 /* Pods-TableViewTest.debug.xcconfig */,
				6CD5C751E133541DCC7F00EE /* Pods-TableViewTest.release.xcconfig */,
				53802BBDFD322E368F9BA707 /* Pods-TableViewTestTests.debug.xcconfig */,
				51A4D98516F5C67921BB57F6 /* Pods-TableViewTestTests.release.xcconfig */,
				A5FFD7153E4B7AC6C434687B /* Pods-TableViewTestUITests.debug.xcconfig */,
				98F9845EA0906008CFB55CE6 /* Pods-TableViewTestUITests.release.xcconfig */,
			);
			name = Pods;
			sourceTree = "<group>";
		};
/* End PBXGroup section */

/* Begin PBXNativeTarget section */
		2AE778E81F18854000870758 /* TableViewTest */ = {
			isa = PBXNativeTarget;
			buildConfigurationList = 2AE779141F18854000870758 /* Build configuration list for PBXNativeTarget "TableViewTest" */;
			buildPhases = (
				A01BE10A7A4C77BBEDF2614D /* [CP] Check Pods Manifest.lock */,
				2AE778E51F18854000870758 /* Sources */,
				2AE778E61F18854000870758 /* Frameworks */,
				2AE778E71F18854000870758 /* Resources */,
				D675D981FC3D3CF9A14695A3 /* [CP] Embed Pods Frameworks */,
				541465E2A9AD083D31C204DA /* [CP] Copy Pods Resources */,
			);
			buildRules = (
			);
			dependencies = (
			);
			name = TableViewTest;
			productName = TableViewTest;
			productReference = 2AE778E91F18854000870758 /* TableViewTest.app */;
			productType = "com.apple.product-type.application";
		};
		2AE778FF1F18854000870758 /* TableViewTestTests */ = {
			isa = PBXNativeTarget;
			buildConfigurationList = 2AE779171F18854000870758 /* Build configuration list for PBXNativeTarget "TableViewTestTests" */;
			buildPhases = (
				8336443E74D53F815023F5D5 /* [CP] Check Pods Manifest.lock */,
				2AE778FC1F18854000870758 /* Sources */,
				2AE778FD1F18854000870758 /* Frameworks */,
				2AE778FE1F18854000870758 /* Resources */,
				8FD203E4D696AF9DEE6AB696 /* [CP] Embed Pods Frameworks */,
				EF52C92A625A7AE7F5F34BB5 /* [CP] Copy Pods Resources */,
			);
			buildRules = (
			);
			dependencies = (
				2AE779021F18854000870758 /* PBXTargetDependency */,
			);
			name = TableViewTestTests;
			productName = TableViewTestTests;
			productReference = 2AE779001F18854000870758 /* TableViewTestTests.xctest */;
			productType = "com.apple.product-type.bundle.unit-test";
		};
		2AE7790A1F18854000870758 /* TableViewTestUITests */ = {
			isa = PBXNativeTarget;
			buildConfigurationList = 2AE7791A1F18854000870758 /* Build configuration list for PBXNativeTarget "TableViewTestUITests" */;
			buildPhases = (
				2426FF060FC2473A23E0167E /* [CP] Check Pods Manifest.lock */,
				2AE779071F18854000870758 /* Sources */,
				2AE779081F18854000870758 /* Frameworks */,
				2AE779091F18854000870758 /* Resources */,
				3A6F8850C93BB374574BC768 /* [CP] Embed Pods Frameworks */,
				26CC780D9534F90640843038 /* [CP] Copy Pods Resources */,
			);
			buildRules = (
			);
			dependencies = (
				2AE7790D1F18854000870758 /* PBXTargetDependency */,
			);
			name = TableViewTestUITests;
			productName = TableViewTestUITests;
			productReference = 2AE7790B1F18854000870758 /* TableViewTestUITests.xctest */;
			productType = "com.apple.product-type.bundle.ui-testing";
		};
/* End PBXNativeTarget section */

/* Begin PBXProject section */
		2AE778E11F18854000870758 /* Project object */ = {
			isa = PBXProject;
			attributes = {
				LastSwiftUpdateCheck = 0830;
				LastUpgradeCheck = 0830;
				ORGANIZATIONNAME = "Thannathrn Yuwasin";
				TargetAttributes = {
					2AE778E81F18854000870758 = {
						CreatedOnToolsVersion = 8.3.2;
						DevelopmentTeam = 43BZM82BA4;
						LastSwiftMigration = 0830;
						ProvisioningStyle = Automatic;
					};
					2AE778FF1F18854000870758 = {
						CreatedOnToolsVersion = 8.3.2;
						DevelopmentTeam = 43BZM82BA4;
						ProvisioningStyle = Automatic;
						TestTargetID = 2AE778E81F18854000870758;
					};
					2AE7790A1F18854000870758 = {
						CreatedOnToolsVersion = 8.3.2;
						DevelopmentTeam = 43BZM82BA4;
						ProvisioningStyle = Automatic;
						TestTargetID = 2AE778E81F18854000870758;
					};
				};
			};
			buildConfigurationList = 2AE778E41F18854000870758 /* Build configuration list for PBXProject "TableViewTest" */;
			compatibilityVersion = "Xcode 3.2";
			developmentRegion = English;
			hasScannedForEncodings = 0;
			knownRegions = (
				en,
				Base,
			);
			mainGroup = 2AE778E01F18854000870758;
			productRefGroup = 2AE778EA1F18854000870758 /* Products */;
			projectDirPath = "";
			projectRoot = "";
			targets = (
				2AE778E81F18854000870758 /* TableViewTest */,
				2AE778FF1F18854000870758 /* TableViewTestTests */,
				2AE7790A1F18854000870758 /* TableViewTestUITests */,
			);
		};
/* End PBXProject section */

/* Begin PBXResourcesBuildPhase section */
		2AE778E71F18854000870758 /* Resources */ = {
			isa = PBXResourcesBuildPhase;
			buildActionMask = 2147483647;
			files = (
				2AD73A421F19C168009F2375 /* Main.storyboard in Resources */,
				2AD73A411F19C168009F2375 /* LaunchScreen.storyboard in Resources */,
				2AD73A3D1F19C168009F2375 /* Assets.xcassets in Resources */,
				2AD73A401F19C168009F2375 /* Info.plist in Resources */,
			);
			runOnlyForDeploymentPostprocessing = 0;
		};
		2AE778FE1F18854000870758 /* Resources */ = {
			isa = PBXResourcesBuildPhase;
			buildActionMask = 2147483647;
			files = (
			);
			runOnlyForDeploymentPostprocessing = 0;
		};
		2AE779091F18854000870758 /* Resources */ = {
			isa = PBXResourcesBuildPhase;
			buildActionMask = 2147483647;
			files = (
			);
			runOnlyForDeploymentPostprocessing = 0;
		};
/* End PBXResourcesBuildPhase section */

/* Begin PBXShellScriptBuildPhase section */
		2426FF060FC2473A23E0167E /* [CP] Check Pods Manifest.lock */ = {
			isa = PBXShellScriptBuildPhase;
			buildActionMask = 2147483647;
			files = (
			);
			inputPaths = (
			);
			name = "[CP] Check Pods Manifest.lock";
			outputPaths = (
			);
			runOnlyForDeploymentPostprocessing = 0;
			shellPath = /bin/sh;
			shellScript = "diff \"${PODS_PODFILE_DIR_PATH}/Podfile.lock\" \"${PODS_ROOT}/Manifest.lock\" > /dev/null\nif [ $? != 0 ] ; then\n    # print error to STDERR\n    echo \"error: The sandbox is not in sync with the Podfile.lock. Run 'pod install' or update your CocoaPods installation.\" >&2\n    exit 1\nfi\n";
			showEnvVarsInLog = 0;
		};
		26CC780D9534F90640843038 /* [CP] Copy Pods Resources */ = {
			isa = PBXShellScriptBuildPhase;
			buildActionMask = 2147483647;
			files = (
			);
			inputPaths = (
			);
			name = "[CP] Copy Pods Resources";
			outputPaths = (
			);
			runOnlyForDeploymentPostprocessing = 0;
			shellPath = /bin/sh;
			shellScript = "\"${SRCROOT}/Pods/Target Support Files/Pods-TableViewTestUITests/Pods-TableViewTestUITests-resources.sh\"\n";
			showEnvVarsInLog = 0;
		};
		3A6F8850C93BB374574BC768 /* [CP] Embed Pods Frameworks */ = {
			isa = PBXShellScriptBuildPhase;
			buildActionMask = 2147483647;
			files = (
			);
			inputPaths = (
			);
			name = "[CP] Embed Pods Frameworks";
			outputPaths = (
			);
			runOnlyForDeploymentPostprocessing = 0;
			shellPath = /bin/sh;
			shellScript = "\"${SRCROOT}/Pods/Target Support Files/Pods-TableViewTestUITests/Pods-TableViewTestUITests-frameworks.sh\"\n";
			showEnvVarsInLog = 0;
		};
		541465E2A9AD083D31C204DA /* [CP] Copy Pods Resources */ = {
			isa = PBXShellScriptBuildPhase;
			buildActionMask = 2147483647;
			files = (
			);
			inputPaths = (
			);
			name = "[CP] Copy Pods Resources";
			outputPaths = (
			);
			runOnlyForDeploymentPostprocessing = 0;
			shellPath = /bin/sh;
			shellScript = "\"${SRCROOT}/Pods/Target Support Files/Pods-TableViewTest/Pods-TableViewTest-resources.sh\"\n";
			showEnvVarsInLog = 0;
		};
		8336443E74D53F815023F5D5 /* [CP] Check Pods Manifest.lock */ = {
			isa = PBXShellScriptBuildPhase;
			buildActionMask = 2147483647;
			files = (
			);
			inputPaths = (
			);
			name = "[CP] Check Pods Manifest.lock";
			outputPaths = (
			);
			runOnlyForDeploymentPostprocessing = 0;
			shellPath = /bin/sh;
			shellScript = "diff \"${PODS_PODFILE_DIR_PATH}/Podfile.lock\" \"${PODS_ROOT}/Manifest.lock\" > /dev/null\nif [ $? != 0 ] ; then\n    # print error to STDERR\n    echo \"error: The sandbox is not in sync with the Podfile.lock. Run 'pod install' or update your CocoaPods installation.\" >&2\n    exit 1\nfi\n";
			showEnvVarsInLog = 0;
		};
		8FD203E4D696AF9DEE6AB696 /* [CP] Embed Pods Frameworks */ = {
			isa = PBXShellScriptBuildPhase;
			buildActionMask = 2147483647;
			files = (
			);
			inputPaths = (
			);
			name = "[CP] Embed Pods Frameworks";
			outputPaths = (
			);
			runOnlyForDeploymentPostprocessing = 0;
			shellPath = /bin/sh;
			shellScript = "\"${SRCROOT}/Pods/Target Support Files/Pods-TableViewTestTests/Pods-TableViewTestTests-frameworks.sh\"\n";
			showEnvVarsInLog = 0;
		};
		A01BE10A7A4C77BBEDF2614D /* [CP] Check Pods Manifest.lock */ = {
			isa = PBXShellScriptBuildPhase;
			buildActionMask = 2147483647;
			files = (
			);
			inputPaths = (
			);
			name = "[CP] Check Pods Manifest.lock";
			outputPaths = (
			);
			runOnlyForDeploymentPostprocessing = 0;
			shellPath = /bin/sh;
			shellScript = "diff \"${PODS_PODFILE_DIR_PATH}/Podfile.lock\" \"${PODS_ROOT}/Manifest.lock\" > /dev/null\nif [ $? != 0 ] ; then\n    # print error to STDERR\n    echo \"error: The sandbox is not in sync with the Podfile.lock. Run 'pod install' or update your CocoaPods installation.\" >&2\n    exit 1\nfi\n";
			showEnvVarsInLog = 0;
		};
		D675D981FC3D3CF9A14695A3 /* [CP] Embed Pods Frameworks */ = {
			isa = PBXShellScriptBuildPhase;
			buildActionMask = 2147483647;
			files = (
			);
			inputPaths = (
			);
			name = "[CP] Embed Pods Frameworks";
			outputPaths = (
			);
			runOnlyForDeploymentPostprocessing = 0;
			shellPath = /bin/sh;
			shellScript = "\"${SRCROOT}/Pods/Target Support Files/Pods-TableViewTest/Pods-TableViewTest-frameworks.sh\"\n";
			showEnvVarsInLog = 0;
		};
		EF52C92A625A7AE7F5F34BB5 /* [CP] Copy Pods Resources */ = {
			isa = PBXShellScriptBuildPhase;
			buildActionMask = 2147483647;
			files = (
			);
			inputPaths = (
			);
			name = "[CP] Copy Pods Resources";
			outputPaths = (
			);
			runOnlyForDeploymentPostprocessing = 0;
			shellPath = /bin/sh;
			shellScript = "\"${SRCROOT}/Pods/Target Support Files/Pods-TableViewTestTests/Pods-TableViewTestTests-resources.sh\"\n";
			showEnvVarsInLog = 0;
		};
/* End PBXShellScriptBuildPhase section */

/* Begin PBXSourcesBuildPhase section */
		2AE778E51F18854000870758 /* Sources */ = {
			isa = PBXSourcesBuildPhase;
			buildActionMask = 2147483647;
			files = (
				2AD73A481F19C21D009F2375 /* Person.swift in Sources */,
				2AD73A451F19C168009F2375 /* ViewController.swift in Sources */,
				2AD73A431F19C168009F2375 /* SubViewController.swift in Sources */,
				2AD73A441F19C168009F2375 /* TableViewTest.xcdatamodeld in Sources */,
				2AD73A3C1F19C168009F2375 /* AppDelegate.swift in Sources */,
				2AD73A3F1F19C168009F2375 /* CellTableViewCell.swift in Sources */,
				2AD73A4A1F19F48F009F2375 /* MapViewController.swift in Sources */,
			);
			runOnlyForDeploymentPostprocessing = 0;
		};
		2AE778FC1F18854000870758 /* Sources */ = {
			isa = PBXSourcesBuildPhase;
			buildActionMask = 2147483647;
			files = (
				2AE779051F18854000870758 /* TableViewTestTests.swift in Sources */,
			);
			runOnlyForDeploymentPostprocessing = 0;
		};
		2AE779071F18854000870758 /* Sources */ = {
			isa = PBXSourcesBuildPhase;
			buildActionMask = 2147483647;
			files = (
				2AE779101F18854000870758 /* TableViewTestUITests.swift in Sources */,
			);
			runOnlyForDeploymentPostprocessing = 0;
		};
/* End PBXSourcesBuildPhase section */

/* Begin PBXTargetDependency section */
		2AE779021F18854000870758 /* PBXTargetDependency */ = {
			isa = PBXTargetDependency;
			target = 2AE778E81F18854000870758 /* TableViewTest */;
			targetProxy = 2AE779011F18854000870758 /* PBXContainerItemProxy */;
		};
		2AE7790D1F18854000870758 /* PBXTargetDependency */ = {
			isa = PBXTargetDependency;
			target = 2AE778E81F18854000870758 /* TableViewTest */;
			targetProxy = 2AE7790C1F18854000870758 /* PBXContainerItemProxy */;
		};
/* End PBXTargetDependency section */

/* Begin XCBuildConfiguration section */
		2AE779121F18854000870758 /* Debug */ = {
			isa = XCBuildConfiguration;
			buildSettings = {
				ALWAYS_SEARCH_USER_PATHS = NO;
				CLANG_ANALYZER_NONNULL = YES;
				CLANG_ANALYZER_NUMBER_OBJECT_CONVERSION = YES_AGGRESSIVE;
				CLANG_CXX_LANGUAGE_STANDARD = "gnu++0x";
				CLANG_CXX_LIBRARY = "libc++";
				CLANG_ENABLE_MODULES = YES;
				CLANG_ENABLE_OBJC_ARC = YES;
				CLANG_WARN_BOOL_CONVERSION = YES;
				CLANG_WARN_CONSTANT_CONVERSION = YES;
				CLANG_WARN_DIRECT_OBJC_ISA_USAGE = YES_ERROR;
				CLANG_WARN_DOCUMENTATION_COMMENTS = YES;
				CLANG_WARN_EMPTY_BODY = YES;
				CLANG_WARN_ENUM_CONVERSION = YES;
				CLANG_WARN_INFINITE_RECURSION = YES;
				CLANG_WARN_INT_CONVERSION = YES;
				CLANG_WARN_OBJC_ROOT_CLASS = YES_ERROR;
				CLANG_WARN_SUSPICIOUS_MOVE = YES;
				CLANG_WARN_UNREACHABLE_CODE = YES;
				CLANG_WARN__DUPLICATE_METHOD_MATCH = YES;
				"CODE_SIGN_IDENTITY[sdk=iphoneos*]" = "iPhone Developer";
				COPY_PHASE_STRIP = NO;
				DEBUG_INFORMATION_FORMAT = dwarf;
				ENABLE_STRICT_OBJC_MSGSEND = YES;
				ENABLE_TESTABILITY = YES;
				GCC_C_LANGUAGE_STANDARD = gnu99;
				GCC_DYNAMIC_NO_PIC = NO;
				GCC_NO_COMMON_BLOCKS = YES;
				GCC_OPTIMIZATION_LEVEL = 0;
				GCC_PREPROCESSOR_DEFINITIONS = (
					"DEBUG=1",
					"$(inherited)",
				);
				GCC_WARN_64_TO_32_BIT_CONVERSION = YES;
				GCC_WARN_ABOUT_RETURN_TYPE = YES_ERROR;
				GCC_WARN_UNDECLARED_SELECTOR = YES;
				GCC_WARN_UNINITIALIZED_AUTOS = YES_AGGRESSIVE;
				GCC_WARN_UNUSED_FUNCTION = YES;
				GCC_WARN_UNUSED_VARIABLE = YES;
				IPHONEOS_DEPLOYMENT_TARGET = 10.3;
				MTL_ENABLE_DEBUG_INFO = YES;
				ONLY_ACTIVE_ARCH = YES;
				SDKROOT = iphoneos;
				SWIFT_ACTIVE_COMPILATION_CONDITIONS = DEBUG;
				SWIFT_OPTIMIZATION_LEVEL = "-Onone";
				TARGETED_DEVICE_FAMILY = "1,2";
			};
			name = Debug;
		};
		2AE779131F18854000870758 /* Release */ = {
			isa = XCBuildConfiguration;
			buildSettings = {
				ALWAYS_SEARCH_USER_PATHS = NO;
				CLANG_ANALYZER_NONNULL = YES;
				CLANG_ANALYZER_NUMBER_OBJECT_CONVERSION = YES_AGGRESSIVE;
				CLANG_CXX_LANGUAGE_STANDARD = "gnu++0x";
				CLANG_CXX_LIBRARY = "libc++";
				CLANG_ENABLE_MODULES = YES;
				CLANG_ENABLE_OBJC_ARC = YES;
				CLANG_WARN_BOOL_CONVERSION = YES;
				CLANG_WARN_CONSTANT_CONVERSION = YES;
				CLANG_WARN_DIRECT_OBJC_ISA_USAGE = YES_ERROR;
				CLANG_WARN_DOCUMENTATION_COMMENTS = YES;
				CLANG_WARN_EMPTY_BODY = YES;
				CLANG_WARN_ENUM_CONVERSION = YES;
				CLANG_WARN_INFINITE_RECURSION = YES;
				CLANG_WARN_INT_CONVERSION = YES;
				CLANG_WARN_OBJC_ROOT_CLASS = YES_ERROR;
				CLANG_WARN_SUSPICIOUS_MOVE = YES;
				CLANG_WARN_UNREACHABLE_CODE = YES;
				CLANG_WARN__DUPLICATE_METHOD_MATCH = YES;
				"CODE_SIGN_IDENTITY[sdk=iphoneos*]" = "iPhone Developer";
				COPY_PHASE_STRIP = NO;
				DEBUG_INFORMATION_FORMAT = "dwarf-with-dsym";
				ENABLE_NS_ASSERTIONS = NO;
				ENABLE_STRICT_OBJC_MSGSEND = YES;
				GCC_C_LANGUAGE_STANDARD = gnu99;
				GCC_NO_COMMON_BLOCKS = YES;
				GCC_WARN_64_TO_32_BIT_CONVERSION = YES;
				GCC_WARN_ABOUT_RETURN_TYPE = YES_ERROR;
				GCC_WARN_UNDECLARED_SELECTOR = YES;
				GCC_WARN_UNINITIALIZED_AUTOS = YES_AGGRESSIVE;
				GCC_WARN_UNUSED_FUNCTION = YES;
				GCC_WARN_UNUSED_VARIABLE = YES;
				IPHONEOS_DEPLOYMENT_TARGET = 10.3;
				MTL_ENABLE_DEBUG_INFO = NO;
				SDKROOT = iphoneos;
				SWIFT_OPTIMIZATION_LEVEL = "-Owholemodule";
				TARGETED_DEVICE_FAMILY = "1,2";
				VALIDATE_PRODUCT = YES;
			};
			name = Release;
		};
		2AE779151F18854000870758 /* Debug */ = {
			isa = XCBuildConfiguration;
			baseConfigurationReference = B14B19D12A2592762E104880 /* Pods-TableViewTest.debug.xcconfig */;
			buildSettings = {
				ASSETCATALOG_COMPILER_APPICON_NAME = AppIcon;
				CLANG_ENABLE_MODULES = YES;
				DEVELOPMENT_TEAM = 43BZM82BA4;
				INFOPLIST_FILE = TableViewTest/Info.plist;
				LD_RUNPATH_SEARCH_PATHS = "$(inherited) @executable_path/Frameworks";
				PRODUCT_BUNDLE_IDENTIFIER = com.ithunnathorn.TableViewTest;
				PRODUCT_NAME = "$(TARGET_NAME)";
				SWIFT_OBJC_BRIDGING_HEADER = "TableViewTest-Bridging-Header.h";
				SWIFT_OPTIMIZATION_LEVEL = "-Onone";
				SWIFT_VERSION = 3.0;
			};
			name = Debug;
		};
		2AE779161F18854000870758 /* Release */ = {
			isa = XCBuildConfiguration;
			baseConfigurationReference = 6CD5C751E133541DCC7F00EE /* Pods-TableViewTest.release.xcconfig */;
			buildSettings = {
				ASSETCATALOG_COMPILER_APPICON_NAME = AppIcon;
				CLANG_ENABLE_MODULES = YES;
				DEVELOPMENT_TEAM = 43BZM82BA4;
				INFOPLIST_FILE = TableViewTest/Info.plist;
				LD_RUNPATH_SEARCH_PATHS = "$(inherited) @executable_path/Frameworks";
				PRODUCT_BUNDLE_IDENTIFIER = com.ithunnathorn.TableViewTest;
				PRODUCT_NAME = "$(TARGET_NAME)";
				SWIFT_OBJC_BRIDGING_HEADER = "TableViewTest-Bridging-Header.h";
				SWIFT_VERSION = 3.0;
			};
			name = Release;
		};
		2AE779181F18854000870758 /* Debug */ = {
			isa = XCBuildConfiguration;
			baseConfigurationReference = 53802BBDFD322E368F9BA707 /* Pods-TableViewTestTests.debug.xcconfig */;
			buildSettings = {
				ALWAYS_EMBED_SWIFT_STANDARD_LIBRARIES = YES;
				BUNDLE_LOADER = "$(TEST_HOST)";
				DEVELOPMENT_TEAM = 43BZM82BA4;
				INFOPLIST_FILE = TableViewTestTests/Info.plist;
				LD_RUNPATH_SEARCH_PATHS = "$(inherited) @executable_path/Frameworks @loader_path/Frameworks";
				PRODUCT_BUNDLE_IDENTIFIER = com.ithunnathorn.TableViewTestTests;
				PRODUCT_NAME = "$(TARGET_NAME)";
				SWIFT_VERSION = 3.0;
				TEST_HOST = "$(BUILT_PRODUCTS_DIR)/TableViewTest.app/TableViewTest";
			};
			name = Debug;
		};
		2AE779191F18854000870758 /* Release */ = {
			isa = XCBuildConfiguration;
			baseConfigurationReference = 51A4D98516F5C67921BB57F6 /* Pods-TableViewTestTests.release.xcconfig */;
			buildSettings = {
				ALWAYS_EMBED_SWIFT_STANDARD_LIBRARIES = YES;
				BUNDLE_LOADER = "$(TEST_HOST)";
				DEVELOPMENT_TEAM = 43BZM82BA4;
				INFOPLIST_FILE = TableViewTestTests/Info.plist;
				LD_RUNPATH_SEARCH_PATHS = "$(inherited) @executable_path/Frameworks @loader_path/Frameworks";
				PRODUCT_BUNDLE_IDENTIFIER = com.ithunnathorn.TableViewTestTests;
				PRODUCT_NAME = "$(TARGET_NAME)";
				SWIFT_VERSION = 3.0;
				TEST_HOST = "$(BUILT_PRODUCTS_DIR)/TableViewTest.app/TableViewTest";
			};
			name = Release;
		};
		2AE7791B1F18854000870758 /* Debug */ = {
			isa = XCBuildConfiguration;
			baseConfigurationReference = A5FFD7153E4B7AC6C434687B /* Pods-TableViewTestUITests.debug.xcconfig */;
			buildSettings = {
				ALWAYS_EMBED_SWIFT_STANDARD_LIBRARIES = YES;
				DEVELOPMENT_TEAM = 43BZM82BA4;
				INFOPLIST_FILE = TableViewTestUITests/Info.plist;
				LD_RUNPATH_SEARCH_PATHS = "$(inherited) @executable_path/Frameworks @loader_path/Frameworks";
				PRODUCT_BUNDLE_IDENTIFIER = com.ithunnathorn.TableViewTestUITests;
				PRODUCT_NAME = "$(TARGET_NAME)";
				SWIFT_VERSION = 3.0;
				TEST_TARGET_NAME = TableViewTest;
			};
			name = Debug;
		};
		2AE7791C1F18854000870758 /* Release */ = {
			isa = XCBuildConfiguration;
			baseConfigurationReference = 98F9845EA0906008CFB55CE6 /* Pods-TableViewTestUITests.release.xcconfig */;
			buildSettings = {
				ALWAYS_EMBED_SWIFT_STANDARD_LIBRARIES = YES;
				DEVELOPMENT_TEAM = 43BZM82BA4;
				INFOPLIST_FILE = TableViewTestUITests/Info.plist;
				LD_RUNPATH_SEARCH_PATHS = "$(inherited) @executable_path/Frameworks @loader_path/Frameworks";
				PRODUCT_BUNDLE_IDENTIFIER = com.ithunnathorn.TableViewTestUITests;
				PRODUCT_NAME = "$(TARGET_NAME)";
				SWIFT_VERSION = 3.0;
				TEST_TARGET_NAME = TableViewTest;
			};
			name = Release;
		};
/* End XCBuildConfiguration section */

/* Begin XCConfigurationList section */
		2AE778E41F18854000870758 /* Build configuration list for PBXProject "TableViewTest" */ = {
			isa = XCConfigurationList;
			buildConfigurations = (
				2AE779121F18854000870758 /* Debug */,
				2AE779131F18854000870758 /* Release */,
			);
			defaultConfigurationIsVisible = 0;
			defaultConfigurationName = Release;
		};
		2AE779141F18854000870758 /* Build configuration list for PBXNativeTarget "TableViewTest" */ = {
			isa = XCConfigurationList;
			buildConfigurations = (
				2AE779151F18854000870758 /* Debug */,
				2AE779161F18854000870758 /* Release */,
			);
			defaultConfigurationIsVisible = 0;
			defaultConfigurationName = Release;
		};
		2AE779171F18854000870758 /* Build configuration list for PBXNativeTarget "TableViewTestTests" */ = {
			isa = XCConfigurationList;
			buildConfigurations = (
				2AE779181F18854000870758 /* Debug */,
				2AE779191F18854000870758 /* Release */,
			);
			defaultConfigurationIsVisible = 0;
			defaultConfigurationName = Release;
		};
		2AE7791A1F18854000870758 /* Build configuration list for PBXNativeTarget "TableViewTestUITests" */ = {
			isa = XCConfigurationList;
			buildConfigurations = (
				2AE7791B1F18854000870758 /* Debug */,
				2AE7791C1F18854000870758 /* Release */,
			);
			defaultConfigurationIsVisible = 0;
			defaultConfigurationName = Release;
		};
/* End XCConfigurationList section */

/* Begin XCVersionGroup section */
		2AD73A391F19C168009F2375 /* TableViewTest.xcdatamodeld */ = {
			isa = XCVersionGroup;
			children = (
				2AD73A3A1F19C168009F2375 /* TableViewTest.xcdatamodel */,
			);
			currentVersion = 2AD73A3A1F19C168009F2375 /* TableViewTest.xcdatamodel */;
			name = TableViewTest.xcdatamodeld;
			path = TableViewTest/TableViewTest.xcdatamodeld;
			sourceTree = "<group>";
			versionGroupType = wrapper.xcdatamodel;
		};
/* End XCVersionGroup section */
	};
	rootObject = 2AE778E11F18854000870758 /* Project object */;
}
